
Microsoft Visual Studio Solution File, Format Version 12.00
# Visual Studio Version 16
VisualStudioVersion = 16.0.32413.511
MinimumVisualStudioVersion = 10.0.40219.1
Project("{2150E333-8FDC-42A3-9474-1A3956D46DE8}") = "API", "API", "{0E93915A-A61E-4395-A60D-87A8B345BACB}"
EndProject
Project("{2150E333-8FDC-42A3-9474-1A3956D46DE8}") = "BLL", "BLL", "{31D98B8A-3806-4EE7-9451-F841E532273F}"
EndProject
Project("{2150E333-8FDC-42A3-9474-1A3956D46DE8}") = "DAL", "DAL", "{44A2D8E1-6692-42C2-B34C-51CBEF5A3D59}"
EndProject
Project("{2150E333-8FDC-42A3-9474-1A3956D46DE8}") = "PL", "PL", "{E82B68EC-579B-4823-AB7E-4350253140C4}"
EndProject
Project("{FAE04EC0-301F-11D3-BF4B-00C04F79EFBC}") = "UI", "PL\UI\UI.csproj", "{65CCD6AD-957A-477F-AA97-8FD1C12409ED}"
EndProject
Project("{FAE04EC0-301F-11D3-BF4B-00C04F79EFBC}") = "API_Models", "API\API_Models\API_Models.csproj", "{86FA9CDB-6632-438B-BC65-8AB1D4800431}"
EndProject
Project("{FAE04EC0-301F-11D3-BF4B-00C04F79EFBC}") = "API_Modules", "API\API_Modules\API_Modules.csproj", "{0C7BD545-0A10-4E2D-802C-50D444E5D02B}"
EndProject
Project("{FAE04EC0-301F-11D3-BF4B-00C04F79EFBC}") = "API_Controllers", "API\API_Controllers\API_Controllers.csproj", "{13213B4E-727A-4E54-A33E-3CF380DA2117}"
EndProject
Project("{FAE04EC0-301F-11D3-BF4B-00C04F79EFBC}") = "BLL_Modules", "BLL\BLL_Modules\BLL_Modules.csproj", "{11F7BA30-0C5B-4A2D-9425-E6D324E43F0E}"
EndProject
Project("{FAE04EC0-301F-11D3-BF4B-00C04F79EFBC}") = "BLL_Domains", "BLL\BLL_Domains\BLL_Domains.csproj", "{FC57D7A3-3019-4D38-9D28-B26BAF671A57}"
EndProject
Project("{FAE04EC0-301F-11D3-BF4B-00C04F79EFBC}") = "BLL_Mappers", "BLL\BLL_Mappers\BLL_Mappers.csproj", "{ABC74229-7E7E-4566-A477-6FB02C42F028}"
EndProject
Project("{FAE04EC0-301F-11D3-BF4B-00C04F79EFBC}") = "BLL_Services", "BLL\BLL_Services\BLL_Services.csproj", "{D2B2CAAD-F94B-4EAF-8C0B-B6CA13E292CD}"
EndProject
Project("{FAE04EC0-301F-11D3-BF4B-00C04F79EFBC}") = "DAL_UofW", "DAL\DAL_UofW\DAL_UofW.csproj", "{0FAC4BCF-0043-444A-A30D-9A8DF1332702}"
EndProject
Project("{FAE04EC0-301F-11D3-BF4B-00C04F79EFBC}") = "DAL_Repositories", "DAL\DAL_Repositories\DAL_Repositories.csproj", "{45AB991A-150D-453F-A00F-423131F0B7E6}"
EndProject
Project("{FAE04EC0-301F-11D3-BF4B-00C04F79EFBC}") = "DAL_Modules", "DAL\DAL_Modules\DAL_Modules.csproj", "{D5C0FD10-F389-4C10-A057-5D79859DA2E9}"
EndProject
Project("{FAE04EC0-301F-11D3-BF4B-00C04F79EFBC}") = "DAL_Entities", "DAL\DAL_Entities\DAL_Entities.csproj", "{EC9BD798-6789-46D9-8F17-EE892ED3800C}"
EndProject
Project("{FAE04EC0-301F-11D3-BF4B-00C04F79EFBC}") = "DAL_Database", "DAL\DAL_Database\DAL_Database.csproj", "{4FF42B3C-A534-43FF-BA24-526400758DBB}"
EndProject
Global
	GlobalSection(SolutionConfigurationPlatforms) = preSolution
		Debug|Any CPU = Debug|Any CPU
		Release|Any CPU = Release|Any CPU
	EndGlobalSection
	GlobalSection(ProjectConfigurationPlatforms) = postSolution
		{65CCD6AD-957A-477F-AA97-8FD1C12409ED}.Debug|Any CPU.ActiveCfg = Debug|Any CPU
		{65CCD6AD-957A-477F-AA97-8FD1C12409ED}.Debug|Any CPU.Build.0 = Debug|Any CPU
		{65CCD6AD-957A-477F-AA97-8FD1C12409ED}.Release|Any CPU.ActiveCfg = Release|Any CPU
		{65CCD6AD-957A-477F-AA97-8FD1C12409ED}.Release|Any CPU.Build.0 = Release|Any CPU
		{86FA9CDB-6632-438B-BC65-8AB1D4800431}.Debug|Any CPU.ActiveCfg = Debug|Any CPU
		{86FA9CDB-6632-438B-BC65-8AB1D4800431}.Debug|Any CPU.Build.0 = Debug|Any CPU
		{86FA9CDB-6632-438B-BC65-8AB1D4800431}.Release|Any CPU.ActiveCfg = Release|Any CPU
		{86FA9CDB-6632-438B-BC65-8AB1D4800431}.Release|Any CPU.Build.0 = Release|Any CPU
		{0C7BD545-0A10-4E2D-802C-50D444E5D02B}.Debug|Any CPU.ActiveCfg = Debug|Any CPU
		{0C7BD545-0A10-4E2D-802C-50D444E5D02B}.Debug|Any CPU.Build.0 = Debug|Any CPU
		{0C7BD545-0A10-4E2D-802C-50D444E5D02B}.Release|Any CPU.ActiveCfg = Release|Any CPU
		{0C7BD545-0A10-4E2D-802C-50D444E5D02B}.Release|Any CPU.Build.0 = Release|Any CPU
		{13213B4E-727A-4E54-A33E-3CF380DA2117}.Debug|Any CPU.ActiveCfg = Debug|Any CPU
		{13213B4E-727A-4E54-A33E-3CF380DA2117}.Debug|Any CPU.Build.0 = Debug|Any CPU
		{13213B4E-727A-4E54-A33E-3CF380DA2117}.Release|Any CPU.ActiveCfg = Release|Any CPU
		{13213B4E-727A-4E54-A33E-3CF380DA2117}.Release|Any CPU.Build.0 = Release|Any CPU
		{11F7BA30-0C5B-4A2D-9425-E6D324E43F0E}.Debug|Any CPU.ActiveCfg = Debug|Any CPU
		{11F7BA30-0C5B-4A2D-9425-E6D324E43F0E}.Debug|Any CPU.Build.0 = Debug|Any CPU
		{11F7BA30-0C5B-4A2D-9425-E6D324E43F0E}.Release|Any CPU.ActiveCfg = Release|Any CPU
		{11F7BA30-0C5B-4A2D-9425-E6D324E43F0E}.Release|Any CPU.Build.0 = Release|Any CPU
		{FC57D7A3-3019-4D38-9D28-B26BAF671A57}.Debug|Any CPU.ActiveCfg = Debug|Any CPU
		{FC57D7A3-3019-4D38-9D28-B26BAF671A57}.Debug|Any CPU.Build.0 = Debug|Any CPU
		{FC57D7A3-3019-4D38-9D28-B26BAF671A57}.Release|Any CPU.ActiveCfg = Release|Any CPU
		{FC57D7A3-3019-4D38-9D28-B26BAF671A57}.Release|Any CPU.Build.0 = Release|Any CPU
		{ABC74229-7E7E-4566-A477-6FB02C42F028}.Debug|Any CPU.ActiveCfg = Debug|Any CPU
		{ABC74229-7E7E-4566-A477-6FB02C42F028}.Debug|Any CPU.Build.0 = Debug|Any CPU
		{ABC74229-7E7E-4566-A477-6FB02C42F028}.Release|Any CPU.ActiveCfg = Release|Any CPU
		{ABC74229-7E7E-4566-A477-6FB02C42F028}.Release|Any CPU.Build.0 = Release|Any CPU
		{D2B2CAAD-F94B-4EAF-8C0B-B6CA13E292CD}.Debug|Any CPU.ActiveCfg = Debug|Any CPU
		{D2B2CAAD-F94B-4EAF-8C0B-B6CA13E292CD}.Debug|Any CPU.Build.0 = Debug|Any CPU
		{D2B2CAAD-F94B-4EAF-8C0B-B6CA13E292CD}.Release|Any CPU.ActiveCfg = Release|Any CPU
		{D2B2CAAD-F94B-4EAF-8C0B-B6CA13E292CD}.Release|Any CPU.Build.0 = Release|Any CPU
		{0FAC4BCF-0043-444A-A30D-9A8DF1332702}.Debug|Any CPU.ActiveCfg = Debug|Any CPU
		{0FAC4BCF-0043-444A-A30D-9A8DF1332702}.Debug|Any CPU.Build.0 = Debug|Any CPU
		{0FAC4BCF-0043-444A-A30D-9A8DF1332702}.Release|Any CPU.ActiveCfg = Release|Any CPU
		{0FAC4BCF-0043-444A-A30D-9A8DF1332702}.Release|Any CPU.Build.0 = Release|Any CPU
		{45AB991A-150D-453F-A00F-423131F0B7E6}.Debug|Any CPU.ActiveCfg = Debug|Any CPU
		{45AB991A-150D-453F-A00F-423131F0B7E6}.Debug|Any CPU.Build.0 = Debug|Any CPU
		{45AB991A-150D-453F-A00F-423131F0B7E6}.Release|Any CPU.ActiveCfg = Release|Any CPU
		{45AB991A-150D-453F-A00F-423131F0B7E6}.Release|Any CPU.Build.0 = Release|Any CPU
		{D5C0FD10-F389-4C10-A057-5D79859DA2E9}.Debug|Any CPU.ActiveCfg = Debug|Any CPU
		{D5C0FD10-F389-4C10-A057-5D79859DA2E9}.Debug|Any CPU.Build.0 = Debug|Any CPU
		{D5C0FD10-F389-4C10-A057-5D79859DA2E9}.Release|Any CPU.ActiveCfg = Release|Any CPU
		{D5C0FD10-F389-4C10-A057-5D79859DA2E9}.Release|Any CPU.Build.0 = Release|Any CPU
		{EC9BD798-6789-46D9-8F17-EE892ED3800C}.Debug|Any CPU.ActiveCfg = Debug|Any CPU
		{EC9BD798-6789-46D9-8F17-EE892ED3800C}.Debug|Any CPU.Build.0 = Debug|Any CPU
		{EC9BD798-6789-46D9-8F17-EE892ED3800C}.Release|Any CPU.ActiveCfg = Release|Any CPU
		{EC9BD798-6789-46D9-8F17-EE892ED3800C}.Release|Any CPU.Build.0 = Release|Any CPU
		{4FF42B3C-A534-43FF-BA24-526400758DBB}.Debug|Any CPU.ActiveCfg = Debug|Any CPU
		{4FF42B3C-A534-43FF-BA24-526400758DBB}.Debug|Any CPU.Build.0 = Debug|Any CPU
		{4FF42B3C-A534-43FF-BA24-526400758DBB}.Release|Any CPU.ActiveCfg = Release|Any CPU
		{4FF42B3C-A534-43FF-BA24-526400758DBB}.Release|Any CPU.Build.0 = Release|Any CPU
	EndGlobalSection
	GlobalSection(SolutionProperties) = preSolution
		HideSolutionNode = FALSE
	EndGlobalSection
	GlobalSection(NestedProjects) = preSolution
		{65CCD6AD-957A-477F-AA97-8FD1C12409ED} = {E82B68EC-579B-4823-AB7E-4350253140C4}
		{86FA9CDB-6632-438B-BC65-8AB1D4800431} = {0E93915A-A61E-4395-A60D-87A8B345BACB}
		{0C7BD545-0A10-4E2D-802C-50D444E5D02B} = {0E93915A-A61E-4395-A60D-87A8B345BACB}
		{13213B4E-727A-4E54-A33E-3CF380DA2117} = {0E93915A-A61E-4395-A60D-87A8B345BACB}
		{11F7BA30-0C5B-4A2D-9425-E6D324E43F0E} = {31D98B8A-3806-4EE7-9451-F841E532273F}
		{FC57D7A3-3019-4D38-9D28-B26BAF671A57} = {31D98B8A-3806-4EE7-9451-F841E532273F}
		{ABC74229-7E7E-4566-A477-6FB02C42F028} = {31D98B8A-3806-4EE7-9451-F841E532273F}
		{D2B2CAAD-F94B-4EAF-8C0B-B6CA13E292CD} = {31D98B8A-3806-4EE7-9451-F841E532273F}
		{0FAC4BCF-0043-444A-A30D-9A8DF1332702} = {44A2D8E1-6692-42C2-B34C-51CBEF5A3D59}
		{45AB991A-150D-453F-A00F-423131F0B7E6} = {44A2D8E1-6692-42C2-B34C-51CBEF5A3D59}
		{D5C0FD10-F389-4C10-A057-5D79859DA2E9} = {44A2D8E1-6692-42C2-B34C-51CBEF5A3D59}
		{EC9BD798-6789-46D9-8F17-EE892ED3800C} = {44A2D8E1-6692-42C2-B34C-51CBEF5A3D59}
		{4FF42B3C-A534-43FF-BA24-526400758DBB} = {44A2D8E1-6692-42C2-B34C-51CBEF5A3D59}
	EndGlobalSection
	GlobalSection(ExtensibilityGlobals) = postSolution
		SolutionGuid = {498F5B95-2397-4060-8121-F9432D3891DB}
	EndGlobalSection
EndGlobal
